
Microsoft Visual Studio Solution File, Format Version 12.00
# Visual Studio 15
VisualStudioVersion = 15.0.27130.2024
MinimumVisualStudioVersion = 10.0.40219.1
Project("{9A19103F-16F7-4668-BE54-9A1E7A4F7556}") = "ConsoleAppEFSqlServerRels", "ConsoleAppEFSqlServer\ConsoleAppEFSqlServerRels.csproj", "{E25448E9-6A07-4366-BACC-B9A139E9E82F}"
EndProject
Global
	GlobalSection(SolutionConfigurationPlatforms) = preSolution
		Debug|Any CPU = Debug|Any CPU
		Release|Any CPU = Release|Any CPU
	EndGlobalSection
	GlobalSection(ProjectConfigurationPlatforms) = postSolution
		{E25448E9-6A07-4366-BACC-B9A139E9E82F}.Debug|Any CPU.ActiveCfg = Debug|Any CPU
		{E25448E9-6A07-4366-BACC-B9A139E9E82F}.Debug|Any CPU.Build.0 = Debug|Any CPU
		{E25448E9-6A07-4366-BACC-B9A139E9E82F}.Release|Any CPU.ActiveCfg = Release|Any CPU
		{E25448E9-6A07-4366-BACC-B9A139E9E82F}.Release|Any CPU.Build.0 = Release|Any CPU
	EndGlobalSection
	GlobalSection(SolutionProperties) = preSolution
		HideSolutionNode = FALSE
	EndGlobalSection
	GlobalSection(ExtensibilityGlobals) = postSolution
		SolutionGuid = {34535242-BA6D-4E71-8CD7-738853F8284D}
	EndGlobalSection
EndGlobal
